// !$*UTF8*$!
{
	archiveVersion = 1;
	classes = {
	};
	objectVersion = 46;
	objects = {

/* Begin PBXBuildFile section */
		5126FE131B88165E005A5A64 /* CameraCreator.swift in Sources */ = {isa = PBXBuildFile; fileRef = 5126FE121B88165E005A5A64 /* CameraCreator.swift */; };
		514914391B86710F004B8C31 /* AppDelegate.swift in Sources */ = {isa = PBXBuildFile; fileRef = 514914381B86710F004B8C31 /* AppDelegate.swift */; };
		5149143B1B86710F004B8C31 /* MenuViewController.swift in Sources */ = {isa = PBXBuildFile; fileRef = 5149143A1B86710F004B8C31 /* MenuViewController.swift */; };
		5149143E1B86710F004B8C31 /* Main.storyboard in Resources */ = {isa = PBXBuildFile; fileRef = 5149143C1B86710F004B8C31 /* Main.storyboard */; };
		514914401B86710F004B8C31 /* Images.xcassets in Resources */ = {isa = PBXBuildFile; fileRef = 5149143F1B86710F004B8C31 /* Images.xcassets */; };
		514914431B86710F004B8C31 /* LaunchScreen.xib in Resources */ = {isa = PBXBuildFile; fileRef = 514914411B86710F004B8C31 /* LaunchScreen.xib */; };
		5149144F1B86710F004B8C31 /* Whot_Is_ThisTests.swift in Sources */ = {isa = PBXBuildFile; fileRef = 5149144E1B86710F004B8C31 /* Whot_Is_ThisTests.swift */; };
		F461E53B1BA40C9800F51623 /* CameraViewController.swift in Sources */ = {isa = PBXBuildFile; fileRef = F461E53A1BA40C9800F51623 /* CameraViewController.swift */; };
/* End PBXBuildFile section */

/* Begin PBXContainerItemProxy section */
		514914491B86710F004B8C31 /* PBXContainerItemProxy */ = {
			isa = PBXContainerItemProxy;
			containerPortal = 5149142B1B86710F004B8C31 /* Project object */;
			proxyType = 1;
			remoteGlobalIDString = 514914321B86710F004B8C31;
			remoteInfo = "Whot Is This";
		};
/* End PBXContainerItemProxy section */

/* Begin PBXFileReference section */
		5126FE121B88165E005A5A64 /* CameraCreator.swift */ = {isa = PBXFileReference; fileEncoding = 4; lastKnownFileType = sourcecode.swift; path = CameraCreator.swift; sourceTree = "<group>"; };
		514914331B86710F004B8C31 /* Whot Is This.app */ = {isa = PBXFileReference; explicitFileType = wrapper.application; includeInIndex = 0; path = "Whot Is This.app"; sourceTree = BUILT_PRODUCTS_DIR; };
		514914371B86710F004B8C31 /* Info.plist */ = {isa = PBXFileReference; lastKnownFileType = text.plist.xml; path = Info.plist; sourceTree = "<group>"; };
		514914381B86710F004B8C31 /* AppDelegate.swift */ = {isa = PBXFileReference; lastKnownFileType = sourcecode.swift; path = AppDelegate.swift; sourceTree = "<group>"; };
		5149143A1B86710F004B8C31 /* MenuViewController.swift */ = {isa = PBXFileReference; lastKnownFileType = sourcecode.swift; path = MenuViewController.swift; sourceTree = "<group>"; };
		5149143D1B86710F004B8C31 /* Base */ = {isa = PBXFileReference; lastKnownFileType = file.storyboard; name = Base; path = Base.lproj/Main.storyboard; sourceTree = "<group>"; };
		5149143F1B86710F004B8C31 /* Images.xcassets */ = {isa = PBXFileReference; lastKnownFileType = folder.assetcatalog; path = Images.xcassets; sourceTree = "<group>"; };
		514914421B86710F004B8C31 /* Base */ = {isa = PBXFileReference; lastKnownFileType = file.xib; name = Base; path = Base.lproj/LaunchScreen.xib; sourceTree = "<group>"; };
		514914481B86710F004B8C31 /* Whot Is ThisTests.xctest */ = {isa = PBXFileReference; explicitFileType = wrapper.cfbundle; includeInIndex = 0; path = "Whot Is ThisTests.xctest"; sourceTree = BUILT_PRODUCTS_DIR; };
		5149144D1B86710F004B8C31 /* Info.plist */ = {isa = PBXFileReference; lastKnownFileType = text.plist.xml; path = Info.plist; sourceTree = "<group>"; };
		5149144E1B86710F004B8C31 /* Whot_Is_ThisTests.swift */ = {isa = PBXFileReference; lastKnownFileType = sourcecode.swift; path = Whot_Is_ThisTests.swift; sourceTree = "<group>"; };
		F461E53A1BA40C9800F51623 /* CameraViewController.swift */ = {isa = PBXFileReference; fileEncoding = 4; lastKnownFileType = sourcecode.swift; name = CameraViewController.swift; path = ../CameraViewController.swift; sourceTree = "<group>"; };
/* End PBXFileReference section */

/* Begin PBXFrameworksBuildPhase section */
		514914301B86710F004B8C31 /* Frameworks */ = {
			isa = PBXFrameworksBuildPhase;
			buildActionMask = 2147483647;
			files = (
			);
			runOnlyForDeploymentPostprocessing = 0;
		};
		514914451B86710F004B8C31 /* Frameworks */ = {
			isa = PBXFrameworksBuildPhase;
			buildActionMask = 2147483647;
			files = (
			);
			runOnlyForDeploymentPostprocessing = 0;
		};
/* End PBXFrameworksBuildPhase section */

/* Begin PBXGroup section */
		5149142A1B86710F004B8C31 = {
			isa = PBXGroup;
			children = (
				514914351B86710F004B8C31 /* Whot Is This */,
				5149144B1B86710F004B8C31 /* Whot Is ThisTests */,
				514914341B86710F004B8C31 /* Products */,
			);
			sourceTree = "<group>";
		};
		514914341B86710F004B8C31 /* Products */ = {
			isa = PBXGroup;
			children = (
				514914331B86710F004B8C31 /* Whot Is This.app */,
				514914481B86710F004B8C31 /* Whot Is ThisTests.xctest */,
			);
			name = Products;
			sourceTree = "<group>";
		};
		514914351B86710F004B8C31 /* Whot Is This */ = {
			isa = PBXGroup;
			children = (
				514914381B86710F004B8C31 /* AppDelegate.swift */,
				5149143A1B86710F004B8C31 /* MenuViewController.swift */,
				F461E53A1BA40C9800F51623 /* CameraViewController.swift */,
				5126FE121B88165E005A5A64 /* CameraCreator.swift */,
				5149143C1B86710F004B8C31 /* Main.storyboard */,
				5149143F1B86710F004B8C31 /* Images.xcassets */,
				514914411B86710F004B8C31 /* LaunchScreen.xib */,
				514914361B86710F004B8C31 /* Supporting Files */,
			);
			path = "Whot Is This";
			sourceTree = "<group>";
		};
		514914361B86710F004B8C31 /* Supporting Files */ = {
			isa = PBXGroup;
			children = (
				514914371B86710F004B8C31 /* Info.plist */,
			);
			name = "Supporting Files";
			sourceTree = "<group>";
		};
		5149144B1B86710F004B8C31 /* Whot Is ThisTests */ = {
			isa = PBXGroup;
			children = (
				5149144E1B86710F004B8C31 /* Whot_Is_ThisTests.swift */,
				5149144C1B86710F004B8C31 /* Supporting Files */,
			);
			path = "Whot Is ThisTests";
			sourceTree = "<group>";
		};
		5149144C1B86710F004B8C31 /* Supporting Files */ = {
			isa = PBXGroup;
			children = (
				5149144D1B86710F004B8C31 /* Info.plist */,
			);
			name = "Supporting Files";
			sourceTree = "<group>";
		};
/* End PBXGroup section */

/* Begin PBXNativeTarget section */
		514914321B86710F004B8C31 /* Whot Is This */ = {
			isa = PBXNativeTarget;
			buildConfigurationList = 514914521B86710F004B8C31 /* Build configuration list for PBXNativeTarget "Whot Is This" */;
			buildPhases = (
				5149142F1B86710F004B8C31 /* Sources */,
				514914301B86710F004B8C31 /* Frameworks */,
				514914311B86710F004B8C31 /* Resources */,
			);
			buildRules = (
			);
			dependencies = (
			);
			name = "Whot Is This";
			productName = "Whot Is This";
			productReference = 514914331B86710F004B8C31 /* Whot Is This.app */;
			productType = "com.apple.product-type.application";
		};
		514914471B86710F004B8C31 /* Whot Is ThisTests */ = {
			isa = PBXNativeTarget;
			buildConfigurationList = 514914551B86710F004B8C31 /* Build configuration list for PBXNativeTarget "Whot Is ThisTests" */;
			buildPhases = (
				514914441B86710F004B8C31 /* Sources */,
				514914451B86710F004B8C31 /* Frameworks */,
				514914461B86710F004B8C31 /* Resources */,
			);
			buildRules = (
			);
			dependencies = (
				5149144A1B86710F004B8C31 /* PBXTargetDependency */,
			);
			name = "Whot Is ThisTests";
			productName = "Whot Is ThisTests";
			productReference = 514914481B86710F004B8C31 /* Whot Is ThisTests.xctest */;
			productType = "com.apple.product-type.bundle.unit-test";
		};
/* End PBXNativeTarget section */

/* Begin PBXProject section */
		5149142B1B86710F004B8C31 /* Project object */ = {
			isa = PBXProject;
			attributes = {
				LastSwiftMigration = 0700;
				LastSwiftUpdateCheck = 0700;
				LastUpgradeCheck = 0700;
				ORGANIZATIONNAME = "Mahmud Ahmad";
				TargetAttributes = {
					514914321B86710F004B8C31 = {
						CreatedOnToolsVersion = 6.4;
						DevelopmentTeam = 8GGVG69G2K;
					};
					514914471B86710F004B8C31 = {
						CreatedOnToolsVersion = 6.4;
						TestTargetID = 514914321B86710F004B8C31;
					};
				};
			};
			buildConfigurationList = 5149142E1B86710F004B8C31 /* Build configuration list for PBXProject "Whot Is This" */;
			compatibilityVersion = "Xcode 3.2";
			developmentRegion = English;
			hasScannedForEncodings = 0;
			knownRegions = (
				en,
				Base,
			);
			mainGroup = 5149142A1B86710F004B8C31;
			productRefGroup = 514914341B86710F004B8C31 /* Products */;
			projectDirPath = "";
			projectRoot = "";
			targets = (
				514914321B86710F004B8C31 /* Whot Is This */,
				514914471B86710F004B8C31 /* Whot Is ThisTests */,
			);
		};
/* End PBXProject section */

/* Begin PBXResourcesBuildPhase section */
		514914311B86710F004B8C31 /* Resources */ = {
			isa = PBXResourcesBuildPhase;
			buildActionMask = 2147483647;
			files = (
				5149143E1B86710F004B8C31 /* Main.storyboard in Resources */,
				514914431B86710F004B8C31 /* LaunchScreen.xib in Resources */,
				514914401B86710F004B8C31 /* Images.xcassets in Resources */,
			);
			runOnlyForDeploymentPostprocessing = 0;
		};
		514914461B86710F004B8C31 /* Resources */ = {
			isa = PBXResourcesBuildPhase;
			buildActionMask = 2147483647;
			files = (
			);
			runOnlyForDeploymentPostprocessing = 0;
		};
/* End PBXResourcesBuildPhase section */

/* Begin PBXSourcesBuildPhase section */
		5149142F1B86710F004B8C31 /* Sources */ = {
			isa = PBXSourcesBuildPhase;
			buildActionMask = 2147483647;
			files = (
				5149143B1B86710F004B8C31 /* MenuViewController.swift in Sources */,
				514914391B86710F004B8C31 /* AppDelegate.swift in Sources */,
				F461E53B1BA40C9800F51623 /* CameraViewController.swift in Sources */,
				5126FE131B88165E005A5A64 /* CameraCreator.swift in Sources */,
			);
			runOnlyForDeploymentPostprocessing = 0;
		};
		514914441B86710F004B8C31 /* Sources */ = {
			isa = PBXSourcesBuildPhase;
			buildActionMask = 2147483647;
			files = (
				5149144F1B86710F004B8C31 /* Whot_Is_ThisTests.swift in Sources */,
			);
			runOnlyForDeploymentPostprocessing = 0;
		};
/* End PBXSourcesBuildPhase section */

/* Begin PBXTargetDependency section */
		5149144A1B86710F004B8C31 /* PBXTargetDependency */ = {
			isa = PBXTargetDependency;
			target = 514914321B86710F004B8C31 /* Whot Is This */;
			targetProxy = 514914491B86710F004B8C31 /* PBXContainerItemProxy */;
		};
/* End PBXTargetDependency section */

/* Begin PBXVariantGroup section */
		5149143C1B86710F004B8C31 /* Main.storyboard */ = {
			isa = PBXVariantGroup;
			children = (
				5149143D1B86710F004B8C31 /* Base */,
			);
			name = Main.storyboard;
			sourceTree = "<group>";
		};
		514914411B86710F004B8C31 /* LaunchScreen.xib */ = {
			isa = PBXVariantGroup;
			children = (
				514914421B86710F004B8C31 /* Base */,
			);
			name = LaunchScreen.xib;
			sourceTree = "<group>";
		};
/* End PBXVariantGroup section */

/* Begin XCBuildConfiguration section */
		514914501B86710F004B8C31 /* Debug */ = {
			isa = XCBuildConfiguration;
			buildSettings = {
				ALWAYS_SEARCH_USER_PATHS = YES;
				CLANG_CXX_LANGUAGE_STANDARD = "gnu++0x";
				CLANG_CXX_LIBRARY = "libc++";
				CLANG_ENABLE_MODULES = YES;
				CLANG_ENABLE_OBJC_ARC = YES;
				CLANG_WARN_BOOL_CONVERSION = YES;
				CLANG_WARN_CONSTANT_CONVERSION = YES;
				CLANG_WARN_DIRECT_OBJC_ISA_USAGE = YES_ERROR;
				CLANG_WARN_EMPTY_BODY = YES;
				CLANG_WARN_ENUM_CONVERSION = YES;
				CLANG_WARN_INT_CONVERSION = YES;
				CLANG_WARN_OBJC_ROOT_CLASS = YES_ERROR;
				CLANG_WARN_UNREACHABLE_CODE = YES;
				CLANG_WARN__DUPLICATE_METHOD_MATCH = YES;
				"CODE_SIGN_IDENTITY[sdk=iphoneos*]" = "iPhone Developer";
				COPY_PHASE_STRIP = NO;
				DEBUG_INFORMATION_FORMAT = "dwarf-with-dsym";
				ENABLE_STRICT_OBJC_MSGSEND = YES;
				ENABLE_TESTABILITY = YES;
				GCC_C_LANGUAGE_STANDARD = gnu99;
				GCC_DYNAMIC_NO_PIC = NO;
				GCC_NO_COMMON_BLOCKS = YES;
				GCC_OPTIMIZATION_LEVEL = 0;
				GCC_PREPROCESSOR_DEFINITIONS = (
					"DEBUG=1",
					"$(inherited)",
				);
				GCC_SYMBOLS_PRIVATE_EXTERN = NO;
				GCC_WARN_64_TO_32_BIT_CONVERSION = YES;
				GCC_WARN_ABOUT_RETURN_TYPE = YES_ERROR;
				GCC_WARN_UNDECLARED_SELECTOR = YES;
				GCC_WARN_UNINITIALIZED_AUTOS = YES_AGGRESSIVE;
				GCC_WARN_UNUSED_FUNCTION = YES;
				GCC_WARN_UNUSED_VARIABLE = YES;
				IPHONEOS_DEPLOYMENT_TARGET = 8.4;
				MTL_ENABLE_DEBUG_INFO = YES;
				ONLY_ACTIVE_ARCH = YES;
				SDKROOT = iphoneos;
				SWIFT_OPTIMIZATION_LEVEL = "-Onone";
				TARGETED_DEVICE_FAMILY = "1,2";
			};
			name = Debug;
		};
		514914511B86710F004B8C31 /* Release */ = {
			isa = XCBuildConfiguration;
			buildSettings = {
				ALWAYS_SEARCH_USER_PATHS = YES;
				CLANG_CXX_LANGUAGE_STANDARD = "gnu++0x";
				CLANG_CXX_LIBRARY = "libc++";
				CLANG_ENABLE_MODULES = YES;
				CLANG_ENABLE_OBJC_ARC = YES;
				CLANG_WARN_BOOL_CONVERSION = YES;
				CLANG_WARN_CONSTANT_CONVERSION = YES;
				CLANG_WARN_DIRECT_OBJC_ISA_USAGE = YES_ERROR;
				CLANG_WARN_EMPTY_BODY = YES;
				CLANG_WARN_ENUM_CONVERSION = YES;
				CLANG_WARN_INT_CONVERSION = YES;
				CLANG_WARN_OBJC_ROOT_CLASS = YES_ERROR;
				CLANG_WARN_UNREACHABLE_CODE = YES;
				CLANG_WARN__DUPLICATE_METHOD_MATCH = YES;
				"CODE_SIGN_IDENTITY[sdk=iphoneos*]" = "iPhone Developer";
				COPY_PHASE_STRIP = NO;
				DEBUG_INFORMATION_FORMAT = "dwarf-with-dsym";
				ENABLE_NS_ASSERTIONS = NO;
				ENABLE_STRICT_OBJC_MSGSEND = YES;
				EXCLUDED_RECURSIVE_SEARCH_PATH_SUBDIRECTORIES = "*.nib *.proj *.framework *.gch *.xcode* *.xcassets (*) .DS_Store CVS .svn .git .hg *.pbproj *.pbxproj";
				GCC_C_LANGUAGE_STANDARD = gnu99;
				GCC_NO_COMMON_BLOCKS = YES;
				GCC_WARN_64_TO_32_BIT_CONVERSION = YES;
				GCC_WARN_ABOUT_RETURN_TYPE = YES_ERROR;
				GCC_WARN_UNDECLARED_SELECTOR = YES;
				GCC_WARN_UNINITIALIZED_AUTOS = YES_AGGRESSIVE;
				GCC_WARN_UNUSED_FUNCTION = YES;
				GCC_WARN_UNUSED_VARIABLE = YES;
				IPHONEOS_DEPLOYMENT_TARGET = 8.4;
				MTL_ENABLE_DEBUG_INFO = NO;
				SDKROOT = iphoneos;
				TARGETED_DEVICE_FAMILY = "1,2";
				VALIDATE_PRODUCT = YES;
			};
			name = Release;
		};
		514914531B86710F004B8C31 /* Debug */ = {
			isa = XCBuildConfiguration;
			buildSettings = {
				ASSETCATALOG_COMPILER_APPICON_NAME = AppIcon;
				CODE_SIGN_IDENTITY = "iPhone Developer";
				"CODE_SIGN_IDENTITY[sdk=iphoneos*]" = "iPhone Developer";
				INFOPLIST_FILE = "Whot Is This/Info.plist";
				LD_RUNPATH_SEARCH_PATHS = "$(inherited) @executable_path/Frameworks";
				PRODUCT_BUNDLE_IDENTIFIER = "com.mycompany.$(PRODUCT_NAME:rfc1034identifier)";
				PRODUCT_NAME = "$(TARGET_NAME)";
				PROVISIONING_PROFILE = "";
			};
			name = Debug;
		};
		514914541B86710F004B8C31 /* Release */ = {
			isa = XCBuildConfiguration;
			buildSettings = {
				ASSETCATALOG_COMPILER_APPICON_NAME = AppIcon;
				CODE_SIGN_IDENTITY = "iPhone Developer";
				"CODE_SIGN_IDENTITY[sdk=iphoneos*]" = "iPhone Developer";
				INFOPLIST_FILE = "Whot Is This/Info.plist";
				LD_RUNPATH_SEARCH_PATHS = "$(inherited) @executable_path/Frameworks";
				PRODUCT_BUNDLE_IDENTIFIER = "com.mycompany.$(PRODUCT_NAME:rfc1034identifier)";
				PRODUCT_NAME = "$(TARGET_NAME)";
				PROVISIONING_PROFILE = "";
			};
			name = Release;
		};
		514914561B86710F004B8C31 /* Debug */ = {
			isa = XCBuildConfiguration;
			buildSettings = {
				BUNDLE_LOADER = "$(TEST_HOST)";
				FRAMEWORK_SEARCH_PATHS = (
					"$(SDKROOT)/Developer/Library/Frameworks",
					"$(inherited)",
				);
				GCC_PREPROCESSOR_DEFINITIONS = (
					"DEBUG=1",
					"$(inherited)",
				);
				INFOPLIST_FILE = "Whot Is ThisTests/Info.plist";
				LD_RUNPATH_SEARCH_PATHS = "$(inherited) @executable_path/Frameworks @loader_path/Frameworks";
				PRODUCT_BUNDLE_IDENTIFIER = "com.mycompany.$(PRODUCT_NAME:rfc1034identifier)";
				PRODUCT_NAME = "$(TARGET_NAME)";
				TEST_HOST = "$(BUILT_PRODUCTS_DIR)/Whot Is This.app/Whot Is This";
			};
			name = Debug;
		};
		514914571B86710F004B8C31 /* Release */ = {
			isa = XCBuildConfiguration;
			buildSettings = {
				BUNDLE_LOADER = "$(TEST_HOST)";
				FRAMEWORK_SEARCH_PATHS = (
					"$(SDKROOT)/Developer/Library/Frameworks",
					"$(inherited)",
				);
				INFOPLIST_FILE = "Whot Is ThisTests/Info.plist";
				LD_RUNPATH_SEARCH_PATHS = "$(inherited) @executable_path/Frameworks @loader_path/Frameworks";
				PRODUCT_BUNDLE_IDENTIFIER = "com.mycompany.$(PRODUCT_NAME:rfc1034identifier)";
				PRODUCT_NAME = "$(TARGET_NAME)";
				TEST_HOST = "$(BUILT_PRODUCTS_DIR)/Whot Is This.app/Whot Is This";
			};
			name = Release;
		};
/* End XCBuildConfiguration section */

/* Begin XCConfigurationList section */
		5149142E1B86710F004B8C31 /* Build configuration list for PBXProject "Whot Is This" */ = {
			isa = XCConfigurationList;
			buildConfigurations = (
				514914501B86710F004B8C31 /* Debug */,
				514914511B86710F004B8C31 /* Release */,
			);
			defaultConfigurationIsVisible = 0;
			defaultConfigurationName = Release;
		};
		514914521B86710F004B8C31 /* Build configuration list for PBXNativeTarget "Whot Is This" */ = {
			isa = XCConfigurationList;
			buildConfigurations = (
				514914531B86710F004B8C31 /* Debug */,
				514914541B86710F004B8C31 /* Release */,
			);
			defaultConfigurationIsVisible = 0;
			defaultConfigurationName = Release;
		};
		514914551B86710F004B8C31 /* Build configuration list for PBXNativeTarget "Whot Is ThisTests" */ = {
			isa = XCConfigurationList;
			buildConfigurations = (
				514914561B86710F004B8C31 /* Debug */,
				514914571B86710F004B8C31 /* Release */,
			);
			defaultConfigurationIsVisible = 0;
			defaultConfigurationName = Release;
		};
/* End XCConfigurationList section */
	};
	rootObject = 5149142B1B86710F004B8C31 /* Project object */;
}
